
Microsoft Visual Studio Solution File, Format Version 12.00
# Visual Studio Version 17
VisualStudioVersion = 17.3.32922.545
MinimumVisualStudioVersion = 10.0.40219.1
Project("{9A19103F-16F7-4668-BE54-9A1E7A4F7556}") = "CPSC471-GroupProject", "CPSC471-GroupProject\CPSC471-GroupProject.csproj", "{EE8F86AD-7A7E-4561-A982-15A07DAF03D7}"
EndProject
Project("{9A19103F-16F7-4668-BE54-9A1E7A4F7556}") = "CPSC471-GroupProject.Backend", "CPSC471-GroupProject.Backend\CPSC471-GroupProject.Backend.csproj", "{EC514FFF-63A5-4BCE-A1AA-108EEB76C3CB}"
EndProject
Global
	GlobalSection(SolutionConfigurationPlatforms) = preSolution
		Debug|Any CPU = Debug|Any CPU
		Release|Any CPU = Release|Any CPU
	EndGlobalSection
	GlobalSection(ProjectConfigurationPlatforms) = postSolution
		{EE8F86AD-7A7E-4561-A982-15A07DAF03D7}.Debug|Any CPU.ActiveCfg = Debug|Any CPU
		{EE8F86AD-7A7E-4561-A982-15A07DAF03D7}.Debug|Any CPU.Build.0 = Debug|Any CPU
		{EE8F86AD-7A7E-4561-A982-15A07DAF03D7}.Release|Any CPU.ActiveCfg = Release|Any CPU
		{EE8F86AD-7A7E-4561-A982-15A07DAF03D7}.Release|Any CPU.Build.0 = Release|Any CPU
		{EC514FFF-63A5-4BCE-A1AA-108EEB76C3CB}.Debug|Any CPU.ActiveCfg = Debug|Any CPU
		{EC514FFF-63A5-4BCE-A1AA-108EEB76C3CB}.Debug|Any CPU.Build.0 = Debug|Any CPU
		{EC514FFF-63A5-4BCE-A1AA-108EEB76C3CB}.Release|Any CPU.ActiveCfg = Release|Any CPU
		{EC514FFF-63A5-4BCE-A1AA-108EEB76C3CB}.Release|Any CPU.Build.0 = Release|Any CPU
	EndGlobalSection
	GlobalSection(SolutionProperties) = preSolution
		HideSolutionNode = FALSE
	EndGlobalSection
	GlobalSection(ExtensibilityGlobals) = postSolution
		SolutionGuid = {6B5177AE-34CF-4DA5-ADA2-A7B71327A1B3}
	EndGlobalSection
EndGlobal
