
Microsoft Visual Studio Solution File, Format Version 12.00
# Visual Studio Version 17
VisualStudioVersion = 17.1.32228.430
MinimumVisualStudioVersion = 10.0.40219.1
Project("{00D1A9C2-B5F0-4AF3-8072-F6C62B433612}") = "CampgroundDatabase", "CampgroundDatatbase\CampgroundDatabase.sqlproj", "{ACAB62BE-1B85-4BA8-9105-37B767EB2069}"
EndProject
Global
	GlobalSection(SolutionConfigurationPlatforms) = preSolution
		Debug|Any CPU = Debug|Any CPU
		Release|Any CPU = Release|Any CPU
	EndGlobalSection
	GlobalSection(ProjectConfigurationPlatforms) = postSolution
		{ACAB62BE-1B85-4BA8-9105-37B767EB2069}.Debug|Any CPU.ActiveCfg = Debug|Any CPU
		{ACAB62BE-1B85-4BA8-9105-37B767EB2069}.Debug|Any CPU.Build.0 = Debug|Any CPU
		{ACAB62BE-1B85-4BA8-9105-37B767EB2069}.Debug|Any CPU.Deploy.0 = Debug|Any CPU
		{ACAB62BE-1B85-4BA8-9105-37B767EB2069}.Release|Any CPU.ActiveCfg = Release|Any CPU
		{ACAB62BE-1B85-4BA8-9105-37B767EB2069}.Release|Any CPU.Build.0 = Release|Any CPU
		{ACAB62BE-1B85-4BA8-9105-37B767EB2069}.Release|Any CPU.Deploy.0 = Release|Any CPU
	EndGlobalSection
	GlobalSection(SolutionProperties) = preSolution
		HideSolutionNode = FALSE
	EndGlobalSection
	GlobalSection(ExtensibilityGlobals) = postSolution
		SolutionGuid = {EAE76D24-951B-4384-85C5-03F33B2B497A}
	EndGlobalSection
EndGlobal
